// !$*UTF8*$!
{
	archiveVersion = 1;
	classes = {
	};
	objectVersion = 46;
	objects = {

/* Begin PBXBuildFile section */
		04634E251E9C811D00D9CB35 /* main.m in Sources */ = {isa = PBXBuildFile; fileRef = 04634E241E9C811D00D9CB35 /* main.m */; };
		04634E281E9C811D00D9CB35 /* AppDelegate.m in Sources */ = {isa = PBXBuildFile; fileRef = 04634E271E9C811D00D9CB35 /* AppDelegate.m */; };
		04634E2E1E9C811D00D9CB35 /* Main.storyboard in Resources */ = {isa = PBXBuildFile; fileRef = 04634E2C1E9C811D00D9CB35 /* Main.storyboard */; };
		04634E301E9C811D00D9CB35 /* Assets.xcassets in Resources */ = {isa = PBXBuildFile; fileRef = 04634E2F1E9C811D00D9CB35 /* Assets.xcassets */; };
		04634E331E9C811D00D9CB35 /* LaunchScreen.storyboard in Resources */ = {isa = PBXBuildFile; fileRef = 04634E311E9C811D00D9CB35 /* LaunchScreen.storyboard */; };
		04634E3E1E9C811D00D9CB35 /* WJQNewsTests.m in Sources */ = {isa = PBXBuildFile; fileRef = 04634E3D1E9C811D00D9CB35 /* WJQNewsTests.m */; };
		04634E491E9C811D00D9CB35 /* WJQNewsUITests.m in Sources */ = {isa = PBXBuildFile; fileRef = 04634E481E9C811D00D9CB35 /* WJQNewsUITests.m */; };
		04634E631E9DC1CF00D9CB35 /* BaseViewController.m in Sources */ = {isa = PBXBuildFile; fileRef = 04634E621E9DC1CF00D9CB35 /* BaseViewController.m */; };
		04634E661E9DC3AB00D9CB35 /* MyNavigationController.m in Sources */ = {isa = PBXBuildFile; fileRef = 04634E651E9DC3AB00D9CB35 /* MyNavigationController.m */; };
		04634E711E9DC67B00D9CB35 /* HomeViewController.m in Sources */ = {isa = PBXBuildFile; fileRef = 04634E701E9DC67B00D9CB35 /* HomeViewController.m */; };
		04634E741E9DC68600D9CB35 /* HotViewController.m in Sources */ = {isa = PBXBuildFile; fileRef = 04634E731E9DC68600D9CB35 /* HotViewController.m */; };
		04634E771E9DC6BA00D9CB35 /* MyTabBarController.m in Sources */ = {isa = PBXBuildFile; fileRef = 04634E761E9DC6BA00D9CB35 /* MyTabBarController.m */; };
		04634E7A1E9DCFFF00D9CB35 /* UITableViewCell+LayoutHeight.m in Sources */ = {isa = PBXBuildFile; fileRef = 04634E791E9DCFFF00D9CB35 /* UITableViewCell+LayoutHeight.m */; };
		04634E7D1E9DFBBA00D9CB35 /* NewsCell.m in Sources */ = {isa = PBXBuildFile; fileRef = 04634E7C1E9DFBBA00D9CB35 /* NewsCell.m */; };
		04634E801E9E03DC00D9CB35 /* WJQNews.m in Sources */ = {isa = PBXBuildFile; fileRef = 04634E7F1E9E03DC00D9CB35 /* WJQNews.m */; };
		04634E831E9E0D0800D9CB35 /* ConnectManager.m in Sources */ = {isa = PBXBuildFile; fileRef = 04634E821E9E0D0800D9CB35 /* ConnectManager.m */; };
		04634E871E9F6AA000D9CB35 /* WJQHotNews.m in Sources */ = {isa = PBXBuildFile; fileRef = 04634E861E9F6AA000D9CB35 /* WJQHotNews.m */; };
		04634E8A1E9F6AB900D9CB35 /* HotNewsCell.m in Sources */ = {isa = PBXBuildFile; fileRef = 04634E891E9F6AB900D9CB35 /* HotNewsCell.m */; };
		A35B0949FB95D4D315B7E6F9 /* libPods-WJQNews.a in Frameworks */ = {isa = PBXBuildFile; fileRef = 65C0B75EC63FE8C70746EC50 /* libPods-WJQNews.a */; };
/* End PBXBuildFile section */

/* Begin PBXContainerItemProxy section */
		04634E3A1E9C811D00D9CB35 /* PBXContainerItemProxy */ = {
			isa = PBXContainerItemProxy;
			containerPortal = 04634E181E9C811D00D9CB35 /* Project object */;
			proxyType = 1;
			remoteGlobalIDString = 04634E1F1E9C811D00D9CB35;
			remoteInfo = WJQNews;
		};
		04634E451E9C811D00D9CB35 /* PBXContainerItemProxy */ = {
			isa = PBXContainerItemProxy;
			containerPortal = 04634E181E9C811D00D9CB35 /* Project object */;
			proxyType = 1;
			remoteGlobalIDString = 04634E1F1E9C811D00D9CB35;
			remoteInfo = WJQNews;
		};
/* End PBXContainerItemProxy section */

/* Begin PBXFileReference section */
		044508111EA05E7B00AD56E3 /* AppConfig.h */ = {isa = PBXFileReference; lastKnownFileType = sourcecode.c.h; path = AppConfig.h; sourceTree = "<group>"; };
		04634E201E9C811D00D9CB35 /* WJQNews.app */ = {isa = PBXFileReference; explicitFileType = wrapper.application; includeInIndex = 0; path = WJQNews.app; sourceTree = BUILT_PRODUCTS_DIR; };
		04634E241E9C811D00D9CB35 /* main.m */ = {isa = PBXFileReference; lastKnownFileType = sourcecode.c.objc; path = main.m; sourceTree = "<group>"; };
		04634E261E9C811D00D9CB35 /* AppDelegate.h */ = {isa = PBXFileReference; lastKnownFileType = sourcecode.c.h; path = AppDelegate.h; sourceTree = "<group>"; };
		04634E271E9C811D00D9CB35 /* AppDelegate.m */ = {isa = PBXFileReference; lastKnownFileType = sourcecode.c.objc; path = AppDelegate.m; sourceTree = "<group>"; };
		04634E2D1E9C811D00D9CB35 /* Base */ = {isa = PBXFileReference; lastKnownFileType = file.storyboard; name = Base; path = Base.lproj/Main.storyboard; sourceTree = "<group>"; };
		04634E2F1E9C811D00D9CB35 /* Assets.xcassets */ = {isa = PBXFileReference; lastKnownFileType = folder.assetcatalog; path = Assets.xcassets; sourceTree = "<group>"; };
		04634E321E9C811D00D9CB35 /* Base */ = {isa = PBXFileReference; lastKnownFileType = file.storyboard; name = Base; path = Base.lproj/LaunchScreen.storyboard; sourceTree = "<group>"; };
		04634E341E9C811D00D9CB35 /* Info.plist */ = {isa = PBXFileReference; lastKnownFileType = text.plist.xml; path = Info.plist; sourceTree = "<group>"; };
		04634E391E9C811D00D9CB35 /* WJQNewsTests.xctest */ = {isa = PBXFileReference; explicitFileType = wrapper.cfbundle; includeInIndex = 0; path = WJQNewsTests.xctest; sourceTree = BUILT_PRODUCTS_DIR; };
		04634E3D1E9C811D00D9CB35 /* WJQNewsTests.m */ = {isa = PBXFileReference; lastKnownFileType = sourcecode.c.objc; path = WJQNewsTests.m; sourceTree = "<group>"; };
		04634E3F1E9C811D00D9CB35 /* Info.plist */ = {isa = PBXFileReference; lastKnownFileType = text.plist.xml; path = Info.plist; sourceTree = "<group>"; };
		04634E441E9C811D00D9CB35 /* WJQNewsUITests.xctest */ = {isa = PBXFileReference; explicitFileType = wrapper.cfbundle; includeInIndex = 0; path = WJQNewsUITests.xctest; sourceTree = BUILT_PRODUCTS_DIR; };
		04634E481E9C811D00D9CB35 /* WJQNewsUITests.m */ = {isa = PBXFileReference; lastKnownFileType = sourcecode.c.objc; path = WJQNewsUITests.m; sourceTree = "<group>"; };
		04634E4A1E9C811D00D9CB35 /* Info.plist */ = {isa = PBXFileReference; lastKnownFileType = text.plist.xml; path = Info.plist; sourceTree = "<group>"; };
		04634E561E9C82D400D9CB35 /* PrefixHeader.pch */ = {isa = PBXFileReference; lastKnownFileType = sourcecode.c.h; path = PrefixHeader.pch; sourceTree = "<group>"; };
		04634E611E9DC1CF00D9CB35 /* BaseViewController.h */ = {isa = PBXFileReference; fileEncoding = 4; lastKnownFileType = sourcecode.c.h; path = BaseViewController.h; sourceTree = "<group>"; };
		04634E621E9DC1CF00D9CB35 /* BaseViewController.m */ = {isa = PBXFileReference; fileEncoding = 4; lastKnownFileType = sourcecode.c.objc; path = BaseViewController.m; sourceTree = "<group>"; };
		04634E641E9DC3AB00D9CB35 /* MyNavigationController.h */ = {isa = PBXFileReference; fileEncoding = 4; lastKnownFileType = sourcecode.c.h; path = MyNavigationController.h; sourceTree = "<group>"; };
		04634E651E9DC3AB00D9CB35 /* MyNavigationController.m */ = {isa = PBXFileReference; fileEncoding = 4; lastKnownFileType = sourcecode.c.objc; path = MyNavigationController.m; sourceTree = "<group>"; };
		04634E6F1E9DC67B00D9CB35 /* HomeViewController.h */ = {isa = PBXFileReference; fileEncoding = 4; lastKnownFileType = sourcecode.c.h; path = HomeViewController.h; sourceTree = "<group>"; };
		04634E701E9DC67B00D9CB35 /* HomeViewController.m */ = {isa = PBXFileReference; fileEncoding = 4; lastKnownFileType = sourcecode.c.objc; path = HomeViewController.m; sourceTree = "<group>"; };
		04634E721E9DC68600D9CB35 /* HotViewController.h */ = {isa = PBXFileReference; fileEncoding = 4; lastKnownFileType = sourcecode.c.h; path = HotViewController.h; sourceTree = "<group>"; };
		04634E731E9DC68600D9CB35 /* HotViewController.m */ = {isa = PBXFileReference; fileEncoding = 4; lastKnownFileType = sourcecode.c.objc; path = HotViewController.m; sourceTree = "<group>"; };
		04634E751E9DC6BA00D9CB35 /* MyTabBarController.h */ = {isa = PBXFileReference; fileEncoding = 4; lastKnownFileType = sourcecode.c.h; path = MyTabBarController.h; sourceTree = "<group>"; };
		04634E761E9DC6BA00D9CB35 /* MyTabBarController.m */ = {isa = PBXFileReference; fileEncoding = 4; lastKnownFileType = sourcecode.c.objc; path = MyTabBarController.m; sourceTree = "<group>"; };
		04634E781E9DCFFF00D9CB35 /* UITableViewCell+LayoutHeight.h */ = {isa = PBXFileReference; fileEncoding = 4; lastKnownFileType = sourcecode.c.h; path = "UITableViewCell+LayoutHeight.h"; sourceTree = "<group>"; };
		04634E791E9DCFFF00D9CB35 /* UITableViewCell+LayoutHeight.m */ = {isa = PBXFileReference; fileEncoding = 4; lastKnownFileType = sourcecode.c.objc; path = "UITableViewCell+LayoutHeight.m"; sourceTree = "<group>"; };
		04634E7B1E9DFBBA00D9CB35 /* NewsCell.h */ = {isa = PBXFileReference; fileEncoding = 4; lastKnownFileType = sourcecode.c.h; path = NewsCell.h; sourceTree = "<group>"; };
		04634E7C1E9DFBBA00D9CB35 /* NewsCell.m */ = {isa = PBXFileReference; fileEncoding = 4; lastKnownFileType = sourcecode.c.objc; path = NewsCell.m; sourceTree = "<group>"; };
		04634E7E1E9E03DC00D9CB35 /* WJQNews.h */ = {isa = PBXFileReference; fileEncoding = 4; lastKnownFileType = sourcecode.c.h; path = WJQNews.h; sourceTree = "<group>"; };
		04634E7F1E9E03DC00D9CB35 /* WJQNews.m */ = {isa = PBXFileReference; fileEncoding = 4; lastKnownFileType = sourcecode.c.objc; path = WJQNews.m; sourceTree = "<group>"; };
		04634E811E9E0D0800D9CB35 /* ConnectManager.h */ = {isa = PBXFileReference; fileEncoding = 4; lastKnownFileType = sourcecode.c.h; path = ConnectManager.h; sourceTree = "<group>"; };
		04634E821E9E0D0800D9CB35 /* ConnectManager.m */ = {isa = PBXFileReference; fileEncoding = 4; lastKnownFileType = sourcecode.c.objc; path = ConnectManager.m; sourceTree = "<group>"; };
		04634E841E9E0D3800D9CB35 /* URLConfig.h */ = {isa = PBXFileReference; lastKnownFileType = sourcecode.c.h; path = URLConfig.h; sourceTree = "<group>"; };
		04634E851E9F6AA000D9CB35 /* WJQHotNews.h */ = {isa = PBXFileReference; fileEncoding = 4; lastKnownFileType = sourcecode.c.h; path = WJQHotNews.h; sourceTree = "<group>"; };
		04634E861E9F6AA000D9CB35 /* WJQHotNews.m */ = {isa = PBXFileReference; fileEncoding = 4; lastKnownFileType = sourcecode.c.objc; path = WJQHotNews.m; sourceTree = "<group>"; };
		04634E881E9F6AB900D9CB35 /* HotNewsCell.h */ = {isa = PBXFileReference; fileEncoding = 4; lastKnownFileType = sourcecode.c.h; path = HotNewsCell.h; sourceTree = "<group>"; };
		04634E891E9F6AB900D9CB35 /* HotNewsCell.m */ = {isa = PBXFileReference; fileEncoding = 4; lastKnownFileType = sourcecode.c.objc; path = HotNewsCell.m; sourceTree = "<group>"; };
		65C0B75EC63FE8C70746EC50 /* libPods-WJQNews.a */ = {isa = PBXFileReference; explicitFileType = archive.ar; includeInIndex = 0; path = "libPods-WJQNews.a"; sourceTree = BUILT_PRODUCTS_DIR; };
		7A5109AF5FEAAFE274B6A765 /* Pods-WJQNews.release.xcconfig */ = {isa = PBXFileReference; includeInIndex = 1; lastKnownFileType = text.xcconfig; name = "Pods-WJQNews.release.xcconfig"; path = "Pods/Target Support Files/Pods-WJQNews/Pods-WJQNews.release.xcconfig"; sourceTree = "<group>"; };
		B4FDF8185B1A7F1AED968CD0 /* Pods-WJQNews.debug.xcconfig */ = {isa = PBXFileReference; includeInIndex = 1; lastKnownFileType = text.xcconfig; name = "Pods-WJQNews.debug.xcconfig"; path = "Pods/Target Support Files/Pods-WJQNews/Pods-WJQNews.debug.xcconfig"; sourceTree = "<group>"; };
/* End PBXFileReference section */

/* Begin PBXFrameworksBuildPhase section */
		04634E1D1E9C811D00D9CB35 /* Frameworks */ = {
			isa = PBXFrameworksBuildPhase;
			buildActionMask = 2147483647;
			files = (
				A35B0949FB95D4D315B7E6F9 /* libPods-WJQNews.a in Frameworks */,
			);
			runOnlyForDeploymentPostprocessing = 0;
		};
		04634E361E9C811D00D9CB35 /* Frameworks */ = {
			isa = PBXFrameworksBuildPhase;
			buildActionMask = 2147483647;
			files = (
			);
			runOnlyForDeploymentPostprocessing = 0;
		};
		04634E411E9C811D00D9CB35 /* Frameworks */ = {
			isa = PBXFrameworksBuildPhase;
			buildActionMask = 2147483647;
			files = (
			);
			runOnlyForDeploymentPostprocessing = 0;
		};
/* End PBXFrameworksBuildPhase section */

/* Begin PBXGroup section */
		04634E171E9C811D00D9CB35 = {
			isa = PBXGroup;
			children = (
				04634E221E9C811D00D9CB35 /* WJQNews */,
				04634E3C1E9C811D00D9CB35 /* WJQNewsTests */,
				04634E471E9C811D00D9CB35 /* WJQNewsUITests */,
				04634E211E9C811D00D9CB35 /* Products */,
				A0B03F97C72CF0300895FBD3 /* Pods */,
				12946AF78C958011A399DBE4 /* Frameworks */,
			);
			sourceTree = "<group>";
		};
		04634E211E9C811D00D9CB35 /* Products */ = {
			isa = PBXGroup;
			children = (
				04634E201E9C811D00D9CB35 /* WJQNews.app */,
				04634E391E9C811D00D9CB35 /* WJQNewsTests.xctest */,
				04634E441E9C811D00D9CB35 /* WJQNewsUITests.xctest */,
			);
			name = Products;
			sourceTree = "<group>";
		};
		04634E221E9C811D00D9CB35 /* WJQNews */ = {
			isa = PBXGroup;
			children = (
				04634E5B1E9DBF9000D9CB35 /* Resource */,
				04634E571E9DBF9000D9CB35 /* Code */,
				04634E261E9C811D00D9CB35 /* AppDelegate.h */,
				04634E271E9C811D00D9CB35 /* AppDelegate.m */,
				04634E2C1E9C811D00D9CB35 /* Main.storyboard */,
				04634E2F1E9C811D00D9CB35 /* Assets.xcassets */,
				04634E311E9C811D00D9CB35 /* LaunchScreen.storyboard */,
				04634E341E9C811D00D9CB35 /* Info.plist */,
				04634E231E9C811D00D9CB35 /* Supporting Files */,
			);
			path = WJQNews;
			sourceTree = "<group>";
		};
		04634E231E9C811D00D9CB35 /* Supporting Files */ = {
			isa = PBXGroup;
			children = (
				04634E241E9C811D00D9CB35 /* main.m */,
				04634E561E9C82D400D9CB35 /* PrefixHeader.pch */,
			);
			name = "Supporting Files";
			sourceTree = "<group>";
		};
		04634E3C1E9C811D00D9CB35 /* WJQNewsTests */ = {
			isa = PBXGroup;
			children = (
				04634E3D1E9C811D00D9CB35 /* WJQNewsTests.m */,
				04634E3F1E9C811D00D9CB35 /* Info.plist */,
			);
			path = WJQNewsTests;
			sourceTree = "<group>";
		};
		04634E471E9C811D00D9CB35 /* WJQNewsUITests */ = {
			isa = PBXGroup;
			children = (
				04634E481E9C811D00D9CB35 /* WJQNewsUITests.m */,
				04634E4A1E9C811D00D9CB35 /* Info.plist */,
			);
			path = WJQNewsUITests;
			sourceTree = "<group>";
		};
		04634E571E9DBF9000D9CB35 /* Code */ = {
			isa = PBXGroup;
			children = (
				04634E591E9DBF9000D9CB35 /* Function */,
				04634E581E9DBF9000D9CB35 /* Class */,
				04634E5A1E9DBF9000D9CB35 /* Macro */,
			);
			path = Code;
			sourceTree = "<group>";
		};
		04634E581E9DBF9000D9CB35 /* Class */ = {
			isa = PBXGroup;
			children = (
				04634E5C1E9DC02B00D9CB35 /* BaseViewController */,
				04634E5D1E9DC02B00D9CB35 /* MyNavigationCtroller */,
				04634E5E1E9DC02B00D9CB35 /* MyTabbarController */,
				04634E5F1E9DC02B00D9CB35 /* Networking */,
				04634E601E9DC02B00D9CB35 /* UITableViewCell+LayoutHeight */,
			);
			path = Class;
			sourceTree = "<group>";
		};
		04634E591E9DBF9000D9CB35 /* Function */ = {
			isa = PBXGroup;
			children = (
				04634E671E9DC61800D9CB35 /* Home */,
				04634E6B1E9DC61800D9CB35 /* Hot */,
			);
			path = Function;
			sourceTree = "<group>";
		};
		04634E5A1E9DBF9000D9CB35 /* Macro */ = {
			isa = PBXGroup;
			children = (
				04634E841E9E0D3800D9CB35 /* URLConfig.h */,
				044508111EA05E7B00AD56E3 /* AppConfig.h */,
			);
			path = Macro;
			sourceTree = "<group>";
		};
		04634E5B1E9DBF9000D9CB35 /* Resource */ = {
			isa = PBXGroup;
			children = (
			);
			path = Resource;
			sourceTree = "<group>";
		};
		04634E5C1E9DC02B00D9CB35 /* BaseViewController */ = {
			isa = PBXGroup;
			children = (
				04634E611E9DC1CF00D9CB35 /* BaseViewController.h */,
				04634E621E9DC1CF00D9CB35 /* BaseViewController.m */,
			);
			path = BaseViewController;
			sourceTree = "<group>";
		};
		04634E5D1E9DC02B00D9CB35 /* MyNavigationCtroller */ = {
			isa = PBXGroup;
			children = (
				04634E641E9DC3AB00D9CB35 /* MyNavigationController.h */,
				04634E651E9DC3AB00D9CB35 /* MyNavigationController.m */,
			);
			path = MyNavigationCtroller;
			sourceTree = "<group>";
		};
		04634E5E1E9DC02B00D9CB35 /* MyTabbarController */ = {
			isa = PBXGroup;
			children = (
				04634E751E9DC6BA00D9CB35 /* MyTabBarController.h */,
				04634E761E9DC6BA00D9CB35 /* MyTabBarController.m */,
			);
			path = MyTabbarController;
			sourceTree = "<group>";
		};
		04634E5F1E9DC02B00D9CB35 /* Networking */ = {
			isa = PBXGroup;
			children = (
				04634E811E9E0D0800D9CB35 /* ConnectManager.h */,
				04634E821E9E0D0800D9CB35 /* ConnectManager.m */,
			);
			path = Networking;
			sourceTree = "<group>";
		};
		04634E601E9DC02B00D9CB35 /* UITableViewCell+LayoutHeight */ = {
			isa = PBXGroup;
			children = (
				04634E781E9DCFFF00D9CB35 /* UITableViewCell+LayoutHeight.h */,
				04634E791E9DCFFF00D9CB35 /* UITableViewCell+LayoutHeight.m */,
			);
			path = "UITableViewCell+LayoutHeight";
			sourceTree = "<group>";
		};
		04634E671E9DC61800D9CB35 /* Home */ = {
			isa = PBXGroup;
			children = (
				04634E681E9DC61800D9CB35 /* Controller */,
				04634E691E9DC61800D9CB35 /* Model */,
				04634E6A1E9DC61800D9CB35 /* View */,
			);
			path = Home;
			sourceTree = "<group>";
		};
		04634E681E9DC61800D9CB35 /* Controller */ = {
			isa = PBXGroup;
			children = (
				04634E6F1E9DC67B00D9CB35 /* HomeViewController.h */,
				04634E701E9DC67B00D9CB35 /* HomeViewController.m */,
			);
			path = Controller;
			sourceTree = "<group>";
		};
		04634E691E9DC61800D9CB35 /* Model */ = {
			isa = PBXGroup;
			children = (
				04634E7E1E9E03DC00D9CB35 /* WJQNews.h */,
				04634E7F1E9E03DC00D9CB35 /* WJQNews.m */,
			);
			path = Model;
			sourceTree = "<group>";
		};
		04634E6A1E9DC61800D9CB35 /* View */ = {
			isa = PBXGroup;
			children = (
				04634E7B1E9DFBBA00D9CB35 /* NewsCell.h */,
				04634E7C1E9DFBBA00D9CB35 /* NewsCell.m */,
			);
			path = View;
			sourceTree = "<group>";
		};
		04634E6B1E9DC61800D9CB35 /* Hot */ = {
			isa = PBXGroup;
			children = (
				04634E6C1E9DC61800D9CB35 /* Controller */,
				04634E6D1E9DC61800D9CB35 /* Model */,
				04634E6E1E9DC61800D9CB35 /* View */,
			);
			path = Hot;
			sourceTree = "<group>";
		};
		04634E6C1E9DC61800D9CB35 /* Controller */ = {
			isa = PBXGroup;
			children = (
				04634E721E9DC68600D9CB35 /* HotViewController.h */,
				04634E731E9DC68600D9CB35 /* HotViewController.m */,
			);
			path = Controller;
			sourceTree = "<group>";
		};
		04634E6D1E9DC61800D9CB35 /* Model */ = {
			isa = PBXGroup;
			children = (
				04634E851E9F6AA000D9CB35 /* WJQHotNews.h */,
				04634E861E9F6AA000D9CB35 /* WJQHotNews.m */,
			);
			path = Model;
			sourceTree = "<group>";
		};
		04634E6E1E9DC61800D9CB35 /* View */ = {
			isa = PBXGroup;
			children = (
				04634E881E9F6AB900D9CB35 /* HotNewsCell.h */,
				04634E891E9F6AB900D9CB35 /* HotNewsCell.m */,
			);
			path = View;
			sourceTree = "<group>";
		};
		12946AF78C958011A399DBE4 /* Frameworks */ = {
			isa = PBXGroup;
			children = (
				65C0B75EC63FE8C70746EC50 /* libPods-WJQNews.a */,
			);
			name = Frameworks;
			sourceTree = "<group>";
		};
		A0B03F97C72CF0300895FBD3 /* Pods */ = {
			isa = PBXGroup;
			children = (
				B4FDF8185B1A7F1AED968CD0 /* Pods-WJQNews.debug.xcconfig */,
				7A5109AF5FEAAFE274B6A765 /* Pods-WJQNews.release.xcconfig */,
			);
			name = Pods;
			sourceTree = "<group>";
		};
/* End PBXGroup section */

/* Begin PBXNativeTarget section */
		04634E1F1E9C811D00D9CB35 /* WJQNews */ = {
			isa = PBXNativeTarget;
			buildConfigurationList = 04634E4D1E9C811D00D9CB35 /* Build configuration list for PBXNativeTarget "WJQNews" */;
			buildPhases = (
				A0DA6CF518F650B2754F2544 /* [CP] Check Pods Manifest.lock */,
				04634E1C1E9C811D00D9CB35 /* Sources */,
				04634E1D1E9C811D00D9CB35 /* Frameworks */,
				04634E1E1E9C811D00D9CB35 /* Resources */,
				36CDFD29335E28C2292263BB /* [CP] Embed Pods Frameworks */,
				B8BEC5778AA9908FD64F9EA6 /* [CP] Copy Pods Resources */,
			);
			buildRules = (
			);
			dependencies = (
			);
			name = WJQNews;
			productName = WJQNews;
			productReference = 04634E201E9C811D00D9CB35 /* WJQNews.app */;
			productType = "com.apple.product-type.application";
		};
		04634E381E9C811D00D9CB35 /* WJQNewsTests */ = {
			isa = PBXNativeTarget;
			buildConfigurationList = 04634E501E9C811D00D9CB35 /* Build configuration list for PBXNativeTarget "WJQNewsTests" */;
			buildPhases = (
				04634E351E9C811D00D9CB35 /* Sources */,
				04634E361E9C811D00D9CB35 /* Frameworks */,
				04634E371E9C811D00D9CB35 /* Resources */,
			);
			buildRules = (
			);
			dependencies = (
				04634E3B1E9C811D00D9CB35 /* PBXTargetDependency */,
			);
			name = WJQNewsTests;
			productName = WJQNewsTests;
			productReference = 04634E391E9C811D00D9CB35 /* WJQNewsTests.xctest */;
			productType = "com.apple.product-type.bundle.unit-test";
		};
		04634E431E9C811D00D9CB35 /* WJQNewsUITests */ = {
			isa = PBXNativeTarget;
			buildConfigurationList = 04634E531E9C811D00D9CB35 /* Build configuration list for PBXNativeTarget "WJQNewsUITests" */;
			buildPhases = (
				04634E401E9C811D00D9CB35 /* Sources */,
				04634E411E9C811D00D9CB35 /* Frameworks */,
				04634E421E9C811D00D9CB35 /* Resources */,
			);
			buildRules = (
			);
			dependencies = (
				04634E461E9C811D00D9CB35 /* PBXTargetDependency */,
			);
			name = WJQNewsUITests;
			productName = WJQNewsUITests;
			productReference = 04634E441E9C811D00D9CB35 /* WJQNewsUITests.xctest */;
			productType = "com.apple.product-type.bundle.ui-testing";
		};
/* End PBXNativeTarget section */

/* Begin PBXProject section */
		04634E181E9C811D00D9CB35 /* Project object */ = {
			isa = PBXProject;
			attributes = {
				LastUpgradeCheck = 0830;
				ORGANIZATIONNAME = JackWu;
				TargetAttributes = {
					04634E1F1E9C811D00D9CB35 = {
						CreatedOnToolsVersion = 8.3;
						DevelopmentTeam = PAG7WP2FU6;
						ProvisioningStyle = Automatic;
					};
					04634E381E9C811D00D9CB35 = {
						CreatedOnToolsVersion = 8.3;
						DevelopmentTeam = PAG7WP2FU6;
						ProvisioningStyle = Automatic;
						TestTargetID = 04634E1F1E9C811D00D9CB35;
					};
					04634E431E9C811D00D9CB35 = {
						CreatedOnToolsVersion = 8.3;
						DevelopmentTeam = PAG7WP2FU6;
						ProvisioningStyle = Automatic;
						TestTargetID = 04634E1F1E9C811D00D9CB35;
					};
				};
			};
			buildConfigurationList = 04634E1B1E9C811D00D9CB35 /* Build configuration list for PBXProject "WJQNews" */;
			compatibilityVersion = "Xcode 3.2";
			developmentRegion = English;
			hasScannedForEncodings = 0;
			knownRegions = (
				en,
				Base,
			);
			mainGroup = 04634E171E9C811D00D9CB35;
			productRefGroup = 04634E211E9C811D00D9CB35 /* Products */;
			projectDirPath = "";
			projectRoot = "";
			targets = (
				04634E1F1E9C811D00D9CB35 /* WJQNews */,
				04634E381E9C811D00D9CB35 /* WJQNewsTests */,
				04634E431E9C811D00D9CB35 /* WJQNewsUITests */,
			);
		};
/* End PBXProject section */

/* Begin PBXResourcesBuildPhase section */
		04634E1E1E9C811D00D9CB35 /* Resources */ = {
			isa = PBXResourcesBuildPhase;
			buildActionMask = 2147483647;
			files = (
				04634E331E9C811D00D9CB35 /* LaunchScreen.storyboard in Resources */,
				04634E301E9C811D00D9CB35 /* Assets.xcassets in Resources */,
				04634E2E1E9C811D00D9CB35 /* Main.storyboard in Resources */,
			);
			runOnlyForDeploymentPostprocessing = 0;
		};
		04634E371E9C811D00D9CB35 /* Resources */ = {
			isa = PBXResourcesBuildPhase;
			buildActionMask = 2147483647;
			files = (
			);
			runOnlyForDeploymentPostprocessing = 0;
		};
		04634E421E9C811D00D9CB35 /* Resources */ = {
			isa = PBXResourcesBuildPhase;
			buildActionMask = 2147483647;
			files = (
			);
			runOnlyForDeploymentPostprocessing = 0;
		};
/* End PBXResourcesBuildPhase section */

/* Begin PBXShellScriptBuildPhase section */
		36CDFD29335E28C2292263BB /* [CP] Embed Pods Frameworks */ = {
			isa = PBXShellScriptBuildPhase;
			buildActionMask = 2147483647;
			files = (
			);
			inputPaths = (
			);
			name = "[CP] Embed Pods Frameworks";
			outputPaths = (
			);
			runOnlyForDeploymentPostprocessing = 0;
			shellPath = /bin/sh;
			shellScript = "\"${SRCROOT}/Pods/Target Support Files/Pods-WJQNews/Pods-WJQNews-frameworks.sh\"\n";
			showEnvVarsInLog = 0;
		};
		A0DA6CF518F650B2754F2544 /* [CP] Check Pods Manifest.lock */ = {
			isa = PBXShellScriptBuildPhase;
			buildActionMask = 2147483647;
			files = (
			);
			inputPaths = (
			);
			name = "[CP] Check Pods Manifest.lock";
			outputPaths = (
			);
			runOnlyForDeploymentPostprocessing = 0;
			shellPath = /bin/sh;
			shellScript = "diff \"${PODS_ROOT}/../Podfile.lock\" \"${PODS_ROOT}/Manifest.lock\" > /dev/null\nif [ $? != 0 ] ; then\n    # print error to STDERR\n    echo \"error: The sandbox is not in sync with the Podfile.lock. Run 'pod install' or update your CocoaPods installation.\" >&2\n    exit 1\nfi\n";
			showEnvVarsInLog = 0;
		};
		B8BEC5778AA9908FD64F9EA6 /* [CP] Copy Pods Resources */ = {
			isa = PBXShellScriptBuildPhase;
			buildActionMask = 2147483647;
			files = (
			);
			inputPaths = (
			);
			name = "[CP] Copy Pods Resources";
			outputPaths = (
			);
			runOnlyForDeploymentPostprocessing = 0;
			shellPath = /bin/sh;
			shellScript = "\"${SRCROOT}/Pods/Target Support Files/Pods-WJQNews/Pods-WJQNews-resources.sh\"\n";
			showEnvVarsInLog = 0;
		};
/* End PBXShellScriptBuildPhase section */

/* Begin PBXSourcesBuildPhase section */
		04634E1C1E9C811D00D9CB35 /* Sources */ = {
			isa = PBXSourcesBuildPhase;
			buildActionMask = 2147483647;
			files = (
				04634E741E9DC68600D9CB35 /* HotViewController.m in Sources */,
				04634E871E9F6AA000D9CB35 /* WJQHotNews.m in Sources */,
				04634E831E9E0D0800D9CB35 /* ConnectManager.m in Sources */,
				04634E281E9C811D00D9CB35 /* AppDelegate.m in Sources */,
				04634E7D1E9DFBBA00D9CB35 /* NewsCell.m in Sources */,
				04634E8A1E9F6AB900D9CB35 /* HotNewsCell.m in Sources */,
				04634E661E9DC3AB00D9CB35 /* MyNavigationController.m in Sources */,
				04634E631E9DC1CF00D9CB35 /* BaseViewController.m in Sources */,
				04634E801E9E03DC00D9CB35 /* WJQNews.m in Sources */,
				04634E7A1E9DCFFF00D9CB35 /* UITableViewCell+LayoutHeight.m in Sources */,
				04634E711E9DC67B00D9CB35 /* HomeViewController.m in Sources */,
				04634E771E9DC6BA00D9CB35 /* MyTabBarController.m in Sources */,
				04634E251E9C811D00D9CB35 /* main.m in Sources */,
			);
			runOnlyForDeploymentPostprocessing = 0;
		};
		04634E351E9C811D00D9CB35 /* Sources */ = {
			isa = PBXSourcesBuildPhase;
			buildActionMask = 2147483647;
			files = (
				04634E3E1E9C811D00D9CB35 /* WJQNewsTests.m in Sources */,
			);
			runOnlyForDeploymentPostprocessing = 0;
		};
		04634E401E9C811D00D9CB35 /* Sources */ = {
			isa = PBXSourcesBuildPhase;
			buildActionMask = 2147483647;
			files = (
				04634E491E9C811D00D9CB35 /* WJQNewsUITests.m in Sources */,
			);
			runOnlyForDeploymentPostprocessing = 0;
		};
/* End PBXSourcesBuildPhase section */

/* Begin PBXTargetDependency section */
		04634E3B1E9C811D00D9CB35 /* PBXTargetDependency */ = {
			isa = PBXTargetDependency;
			target = 04634E1F1E9C811D00D9CB35 /* WJQNews */;
			targetProxy = 04634E3A1E9C811D00D9CB35 /* PBXContainerItemProxy */;
		};
		04634E461E9C811D00D9CB35 /* PBXTargetDependency */ = {
			isa = PBXTargetDependency;
			target = 04634E1F1E9C811D00D9CB35 /* WJQNews */;
			targetProxy = 04634E451E9C811D00D9CB35 /* PBXContainerItemProxy */;
		};
/* End PBXTargetDependency section */

/* Begin PBXVariantGroup section */
		04634E2C1E9C811D00D9CB35 /* Main.storyboard */ = {
			isa = PBXVariantGroup;
			children = (
				04634E2D1E9C811D00D9CB35 /* Base */,
			);
			name = Main.storyboard;
			sourceTree = "<group>";
		};
		04634E311E9C811D00D9CB35 /* LaunchScreen.storyboard */ = {
			isa = PBXVariantGroup;
			children = (
				04634E321E9C811D00D9CB35 /* Base */,
			);
			name = LaunchScreen.storyboard;
			sourceTree = "<group>";
		};
/* End PBXVariantGroup section */

/* Begin XCBuildConfiguration section */
		04634E4B1E9C811D00D9CB35 /* Debug */ = {
			isa = XCBuildConfiguration;
			buildSettings = {
				ALWAYS_SEARCH_USER_PATHS = NO;
				CLANG_ANALYZER_NONNULL = YES;
				CLANG_ANALYZER_NUMBER_OBJECT_CONVERSION = YES_AGGRESSIVE;
				CLANG_CXX_LANGUAGE_STANDARD = "gnu++0x";
				CLANG_CXX_LIBRARY = "libc++";
				CLANG_ENABLE_MODULES = YES;
				CLANG_ENABLE_OBJC_ARC = YES;
				CLANG_WARN_BOOL_CONVERSION = YES;
				CLANG_WARN_CONSTANT_CONVERSION = YES;
				CLANG_WARN_DIRECT_OBJC_ISA_USAGE = YES_ERROR;
				CLANG_WARN_DOCUMENTATION_COMMENTS = YES;
				CLANG_WARN_EMPTY_BODY = YES;
				CLANG_WARN_ENUM_CONVERSION = YES;
				CLANG_WARN_INFINITE_RECURSION = YES;
				CLANG_WARN_INT_CONVERSION = YES;
				CLANG_WARN_OBJC_ROOT_CLASS = YES_ERROR;
				CLANG_WARN_SUSPICIOUS_MOVE = YES;
				CLANG_WARN_UNREACHABLE_CODE = YES;
				CLANG_WARN__DUPLICATE_METHOD_MATCH = YES;
				"CODE_SIGN_IDENTITY[sdk=iphoneos*]" = "iPhone Developer";
				COPY_PHASE_STRIP = NO;
				DEBUG_INFORMATION_FORMAT = dwarf;
				ENABLE_STRICT_OBJC_MSGSEND = YES;
				ENABLE_TESTABILITY = YES;
				GCC_C_LANGUAGE_STANDARD = gnu99;
				GCC_DYNAMIC_NO_PIC = NO;
				GCC_NO_COMMON_BLOCKS = YES;
				GCC_OPTIMIZATION_LEVEL = 0;
				GCC_PREPROCESSOR_DEFINITIONS = (
					"DEBUG=1",
					"$(inherited)",
				);
				GCC_WARN_64_TO_32_BIT_CONVERSION = YES;
				GCC_WARN_ABOUT_RETURN_TYPE = YES_ERROR;
				GCC_WARN_UNDECLARED_SELECTOR = YES;
				GCC_WARN_UNINITIALIZED_AUTOS = YES_AGGRESSIVE;
				GCC_WARN_UNUSED_FUNCTION = YES;
				GCC_WARN_UNUSED_VARIABLE = YES;
				IPHONEOS_DEPLOYMENT_TARGET = 10.3;
				MTL_ENABLE_DEBUG_INFO = YES;
				ONLY_ACTIVE_ARCH = YES;
				SDKROOT = iphoneos;
			};
			name = Debug;
		};
		04634E4C1E9C811D00D9CB35 /* Release */ = {
			isa = XCBuildConfiguration;
			buildSettings = {
				ALWAYS_SEARCH_USER_PATHS = NO;
				CLANG_ANALYZER_NONNULL = YES;
				CLANG_ANALYZER_NUMBER_OBJECT_CONVERSION = YES_AGGRESSIVE;
				CLANG_CXX_LANGUAGE_STANDARD = "gnu++0x";
				CLANG_CXX_LIBRARY = "libc++";
				CLANG_ENABLE_MODULES = YES;
				CLANG_ENABLE_OBJC_ARC = YES;
				CLANG_WARN_BOOL_CONVERSION = YES;
				CLANG_WARN_CONSTANT_CONVERSION = YES;
				CLANG_WARN_DIRECT_OBJC_ISA_USAGE = YES_ERROR;
				CLANG_WARN_DOCUMENTATION_COMMENTS = YES;
				CLANG_WARN_EMPTY_BODY = YES;
				CLANG_WARN_ENUM_CONVERSION = YES;
				CLANG_WARN_INFINITE_RECURSION = YES;
				CLANG_WARN_INT_CONVERSION = YES;
				CLANG_WARN_OBJC_ROOT_CLASS = YES_ERROR;
				CLANG_WARN_SUSPICIOUS_MOVE = YES;
				CLANG_WARN_UNREACHABLE_CODE = YES;
				CLANG_WARN__DUPLICATE_METHOD_MATCH = YES;
				"CODE_SIGN_IDENTITY[sdk=iphoneos*]" = "iPhone Developer";
				COPY_PHASE_STRIP = NO;
				DEBUG_INFORMATION_FORMAT = "dwarf-with-dsym";
				ENABLE_NS_ASSERTIONS = NO;
				ENABLE_STRICT_OBJC_MSGSEND = YES;
				GCC_C_LANGUAGE_STANDARD = gnu99;
				GCC_NO_COMMON_BLOCKS = YES;
				GCC_WARN_64_TO_32_BIT_CONVERSION = YES;
				GCC_WARN_ABOUT_RETURN_TYPE = YES_ERROR;
				GCC_WARN_UNDECLARED_SELECTOR = YES;
				GCC_WARN_UNINITIALIZED_AUTOS = YES_AGGRESSIVE;
				GCC_WARN_UNUSED_FUNCTION = YES;
				GCC_WARN_UNUSED_VARIABLE = YES;
				IPHONEOS_DEPLOYMENT_TARGET = 10.3;
				MTL_ENABLE_DEBUG_INFO = NO;
				SDKROOT = iphoneos;
				VALIDATE_PRODUCT = YES;
			};
			name = Release;
		};
		04634E4E1E9C811D00D9CB35 /* Debug */ = {
			isa = XCBuildConfiguration;
			baseConfigurationReference = B4FDF8185B1A7F1AED968CD0 /* Pods-WJQNews.debug.xcconfig */;
			buildSettings = {
				ASSETCATALOG_COMPILER_APPICON_NAME = AppIcon;
				DEVELOPMENT_TEAM = PAG7WP2FU6;
				GCC_PRECOMPILE_PREFIX_HEADER = YES;
				GCC_PREFIX_HEADER = WJQNews/PrefixHeader.pch;
				INFOPLIST_FILE = WJQNews/Info.plist;
				LD_RUNPATH_SEARCH_PATHS = "$(inherited) @executable_path/Frameworks";
				PRODUCT_BUNDLE_IDENTIFIER = RongZhu.WJQNews;
				PRODUCT_NAME = "$(TARGET_NAME)";
			};
			name = Debug;
		};
		04634E4F1E9C811D00D9CB35 /* Release */ = {
			isa = XCBuildConfiguration;
			baseConfigurationReference = 7A5109AF5FEAAFE274B6A765 /* Pods-WJQNews.release.xcconfig */;
			buildSettings = {
				ASSETCATALOG_COMPILER_APPICON_NAME = AppIcon;
				DEVELOPMENT_TEAM = PAG7WP2FU6;
				GCC_PRECOMPILE_PREFIX_HEADER = YES;
				GCC_PREFIX_HEADER = WJQNews/PrefixHeader.pch;
				INFOPLIST_FILE = WJQNews/Info.plist;
				LD_RUNPATH_SEARCH_PATHS = "$(inherited) @executable_path/Frameworks";
				PRODUCT_BUNDLE_IDENTIFIER = RongZhu.WJQNews;
				PRODUCT_NAME = "$(TARGET_NAME)";
			};
			name = Release;
		};
		04634E511E9C811D00D9CB35 /* Debug */ = {
			isa = XCBuildConfiguration;
			buildSettings = {
				BUNDLE_LOADER = "$(TEST_HOST)";
				DEVELOPMENT_TEAM = PAG7WP2FU6;
				INFOPLIST_FILE = WJQNewsTests/Info.plist;
				LD_RUNPATH_SEARCH_PATHS = "$(inherited) @executable_path/Frameworks @loader_path/Frameworks";
				PRODUCT_BUNDLE_IDENTIFIER = RongZhu.WJQNewsTests;
				PRODUCT_NAME = "$(TARGET_NAME)";
				TEST_HOST = "$(BUILT_PRODUCTS_DIR)/WJQNews.app/WJQNews";
			};
			name = Debug;
		};
		04634E521E9C811D00D9CB35 /* Release */ = {
			isa = XCBuildConfiguration;
			buildSettings = {
				BUNDLE_LOADER = "$(TEST_HOST)";
				DEVELOPMENT_TEAM = PAG7WP2FU6;
				INFOPLIST_FILE = WJQNewsTests/Info.plist;
				LD_RUNPATH_SEARCH_PATHS = "$(inherited) @executable_path/Frameworks @loader_path/Frameworks";
				PRODUCT_BUNDLE_IDENTIFIER = RongZhu.WJQNewsTests;
				PRODUCT_NAME = "$(TARGET_NAME)";
				TEST_HOST = "$(BUILT_PRODUCTS_DIR)/WJQNews.app/WJQNews";
			};
			name = Release;
		};
		04634E541E9C811D00D9CB35 /* Debug */ = {
			isa = XCBuildConfiguration;
			buildSettings = {
				DEVELOPMENT_TEAM = PAG7WP2FU6;
				INFOPLIST_FILE = WJQNewsUITests/Info.plist;
				LD_RUNPATH_SEARCH_PATHS = "$(inherited) @executable_path/Frameworks @loader_path/Frameworks";
				PRODUCT_BUNDLE_IDENTIFIER = RongZhu.WJQNewsUITests;
				PRODUCT_NAME = "$(TARGET_NAME)";
				TEST_TARGET_NAME = WJQNews;
			};
			name = Debug;
		};
		04634E551E9C811D00D9CB35 /* Release */ = {
			isa = XCBuildConfiguration;
			buildSettings = {
				DEVELOPMENT_TEAM = PAG7WP2FU6;
				INFOPLIST_FILE = WJQNewsUITests/Info.plist;
				LD_RUNPATH_SEARCH_PATHS = "$(inherited) @executable_path/Frameworks @loader_path/Frameworks";
				PRODUCT_BUNDLE_IDENTIFIER = RongZhu.WJQNewsUITests;
				PRODUCT_NAME = "$(TARGET_NAME)";
				TEST_TARGET_NAME = WJQNews;
			};
			name = Release;
		};
/* End XCBuildConfiguration section */

/* Begin XCConfigurationList section */
		04634E1B1E9C811D00D9CB35 /* Build configuration list for PBXProject "WJQNews" */ = {
			isa = XCConfigurationList;
			buildConfigurations = (
				04634E4B1E9C811D00D9CB35 /* Debug */,
				04634E4C1E9C811D00D9CB35 /* Release */,
			);
			defaultConfigurationIsVisible = 0;
			defaultConfigurationName = Release;
		};
		04634E4D1E9C811D00D9CB35 /* Build configuration list for PBXNativeTarget "WJQNews" */ = {
			isa = XCConfigurationList;
			buildConfigurations = (
				04634E4E1E9C811D00D9CB35 /* Debug */,
				04634E4F1E9C811D00D9CB35 /* Release */,
			);
			defaultConfigurationIsVisible = 0;
			defaultConfigurationName = Release;
		};
		04634E501E9C811D00D9CB35 /* Build configuration list for PBXNativeTarget "WJQNewsTests" */ = {
			isa = XCConfigurationList;
			buildConfigurations = (
				04634E511E9C811D00D9CB35 /* Debug */,
				04634E521E9C811D00D9CB35 /* Release */,
			);
			defaultConfigurationIsVisible = 0;
			defaultConfigurationName = Release;
		};
		04634E531E9C811D00D9CB35 /* Build configuration list for PBXNativeTarget "WJQNewsUITests" */ = {
			isa = XCConfigurationList;
			buildConfigurations = (
				04634E541E9C811D00D9CB35 /* Debug */,
				04634E551E9C811D00D9CB35 /* Release */,
			);
			defaultConfigurationIsVisible = 0;
			defaultConfigurationName = Release;
		};
/* End XCConfigurationList section */
	};
	rootObject = 04634E181E9C811D00D9CB35 /* Project object */;
}
